
Microsoft Visual Studio Solution File, Format Version 12.00
# Visual Studio 15
VisualStudioVersion = 15.0.27004.2002
MinimumVisualStudioVersion = 10.0.40219.1
Project("{FAE04EC0-301F-11D3-BF4B-00C04F79EFBC}") = "API", "API\API.csproj", "{49B9110A-1F85-4088-B0DE-0CAE1080D68A}"
EndProject
Project("{E53339B2-1760-4266-BCC7-CA923CBCF16C}") = "docker-compose", "docker-compose.dcproj", "{F1C44246-9944-40A6-8C77-23F0B6EACC0F}"
EndProject
Global
	GlobalSection(SolutionConfigurationPlatforms) = preSolution
		Debug|Any CPU = Debug|Any CPU
		Release|Any CPU = Release|Any CPU
	EndGlobalSection
	GlobalSection(ProjectConfigurationPlatforms) = postSolution
		{49B9110A-1F85-4088-B0DE-0CAE1080D68A}.Debug|Any CPU.ActiveCfg = Debug|Any CPU
		{49B9110A-1F85-4088-B0DE-0CAE1080D68A}.Debug|Any CPU.Build.0 = Debug|Any CPU
		{49B9110A-1F85-4088-B0DE-0CAE1080D68A}.Release|Any CPU.ActiveCfg = Release|Any CPU
		{49B9110A-1F85-4088-B0DE-0CAE1080D68A}.Release|Any CPU.Build.0 = Release|Any CPU
		{F1C44246-9944-40A6-8C77-23F0B6EACC0F}.Debug|Any CPU.ActiveCfg = Debug|Any CPU
		{F1C44246-9944-40A6-8C77-23F0B6EACC0F}.Debug|Any CPU.Build.0 = Debug|Any CPU
		{F1C44246-9944-40A6-8C77-23F0B6EACC0F}.Release|Any CPU.ActiveCfg = Release|Any CPU
		{F1C44246-9944-40A6-8C77-23F0B6EACC0F}.Release|Any CPU.Build.0 = Release|Any CPU
	EndGlobalSection
	GlobalSection(SolutionProperties) = preSolution
		HideSolutionNode = FALSE
	EndGlobalSection
	GlobalSection(ExtensibilityGlobals) = postSolution
		SolutionGuid = {B769265D-DD78-42FC-B03F-D60462B6FA06}
	EndGlobalSection
EndGlobal
